// !$*UTF8*$!
{
	archiveVersion = 1;
	classes = {
	};
	objectVersion = 50;
	objects = {

/* Begin PBXBuildFile section */
		0454903E2598CD4100DE9F82 /* AppDelegate.m in Sources */ = {isa = PBXBuildFile; fileRef = 0454903D2598CD4100DE9F82 /* AppDelegate.m */; };
		045490412598CD4100DE9F82 /* SceneDelegate.m in Sources */ = {isa = PBXBuildFile; fileRef = 045490402598CD4100DE9F82 /* SceneDelegate.m */; };
		045490442598CD4100DE9F82 /* ViewController.m in Sources */ = {isa = PBXBuildFile; fileRef = 045490432598CD4100DE9F82 /* ViewController.m */; };
		045490472598CD4100DE9F82 /* Main.storyboard in Resources */ = {isa = PBXBuildFile; fileRef = 045490452598CD4100DE9F82 /* Main.storyboard */; };
		045490492598CD4200DE9F82 /* Assets.xcassets in Resources */ = {isa = PBXBuildFile; fileRef = 045490482598CD4200DE9F82 /* Assets.xcassets */; };
		0454904C2598CD4200DE9F82 /* LaunchScreen.storyboard in Resources */ = {isa = PBXBuildFile; fileRef = 0454904A2598CD4200DE9F82 /* LaunchScreen.storyboard */; };
		0454904F2598CD4200DE9F82 /* main.m in Sources */ = {isa = PBXBuildFile; fileRef = 0454904E2598CD4200DE9F82 /* main.m */; };
		045490592598CD4300DE9F82 /* WCT_MVVMTests.m in Sources */ = {isa = PBXBuildFile; fileRef = 045490582598CD4300DE9F82 /* WCT_MVVMTests.m */; };
		045490642598CD4300DE9F82 /* WCT_MVVMUITests.m in Sources */ = {isa = PBXBuildFile; fileRef = 045490632598CD4300DE9F82 /* WCT_MVVMUITests.m */; };
		04E3007C2598D26500802EBC /* WCTViewModel.m in Sources */ = {isa = PBXBuildFile; fileRef = 04E300782598D26500802EBC /* WCTViewModel.m */; };
		04E3007D2598D26500802EBC /* WCTView.m in Sources */ = {isa = PBXBuildFile; fileRef = 04E3007B2598D26500802EBC /* WCTView.m */; };
		04E300842598D27800802EBC /* WCTModel.m in Sources */ = {isa = PBXBuildFile; fileRef = 04E300832598D27800802EBC /* WCTModel.m */; };
/* End PBXBuildFile section */

/* Begin PBXContainerItemProxy section */
		045490552598CD4300DE9F82 /* PBXContainerItemProxy */ = {
			isa = PBXContainerItemProxy;
			containerPortal = 045490312598CD4100DE9F82 /* Project object */;
			proxyType = 1;
			remoteGlobalIDString = 045490382598CD4100DE9F82;
			remoteInfo = "WCT-MVVM";
		};
		045490602598CD4300DE9F82 /* PBXContainerItemProxy */ = {
			isa = PBXContainerItemProxy;
			containerPortal = 045490312598CD4100DE9F82 /* Project object */;
			proxyType = 1;
			remoteGlobalIDString = 045490382598CD4100DE9F82;
			remoteInfo = "WCT-MVVM";
		};
/* End PBXContainerItemProxy section */

/* Begin PBXFileReference section */
		045490392598CD4100DE9F82 /* WCT-MVVM.app */ = {isa = PBXFileReference; explicitFileType = wrapper.application; includeInIndex = 0; path = "WCT-MVVM.app"; sourceTree = BUILT_PRODUCTS_DIR; };
		0454903C2598CD4100DE9F82 /* AppDelegate.h */ = {isa = PBXFileReference; lastKnownFileType = sourcecode.c.h; path = AppDelegate.h; sourceTree = "<group>"; };
		0454903D2598CD4100DE9F82 /* AppDelegate.m */ = {isa = PBXFileReference; lastKnownFileType = sourcecode.c.objc; path = AppDelegate.m; sourceTree = "<group>"; };
		0454903F2598CD4100DE9F82 /* SceneDelegate.h */ = {isa = PBXFileReference; lastKnownFileType = sourcecode.c.h; path = SceneDelegate.h; sourceTree = "<group>"; };
		045490402598CD4100DE9F82 /* SceneDelegate.m */ = {isa = PBXFileReference; lastKnownFileType = sourcecode.c.objc; path = SceneDelegate.m; sourceTree = "<group>"; };
		045490422598CD4100DE9F82 /* ViewController.h */ = {isa = PBXFileReference; lastKnownFileType = sourcecode.c.h; path = ViewController.h; sourceTree = "<group>"; };
		045490432598CD4100DE9F82 /* ViewController.m */ = {isa = PBXFileReference; lastKnownFileType = sourcecode.c.objc; path = ViewController.m; sourceTree = "<group>"; };
		045490462598CD4100DE9F82 /* Base */ = {isa = PBXFileReference; lastKnownFileType = file.storyboard; name = Base; path = Base.lproj/Main.storyboard; sourceTree = "<group>"; };
		045490482598CD4200DE9F82 /* Assets.xcassets */ = {isa = PBXFileReference; lastKnownFileType = folder.assetcatalog; path = Assets.xcassets; sourceTree = "<group>"; };
		0454904B2598CD4200DE9F82 /* Base */ = {isa = PBXFileReference; lastKnownFileType = file.storyboard; name = Base; path = Base.lproj/LaunchScreen.storyboard; sourceTree = "<group>"; };
		0454904D2598CD4200DE9F82 /* Info.plist */ = {isa = PBXFileReference; lastKnownFileType = text.plist.xml; path = Info.plist; sourceTree = "<group>"; };
		0454904E2598CD4200DE9F82 /* main.m */ = {isa = PBXFileReference; lastKnownFileType = sourcecode.c.objc; path = main.m; sourceTree = "<group>"; };
		045490542598CD4300DE9F82 /* WCT-MVVMTests.xctest */ = {isa = PBXFileReference; explicitFileType = wrapper.cfbundle; includeInIndex = 0; path = "WCT-MVVMTests.xctest"; sourceTree = BUILT_PRODUCTS_DIR; };
		045490582598CD4300DE9F82 /* WCT_MVVMTests.m */ = {isa = PBXFileReference; lastKnownFileType = sourcecode.c.objc; path = WCT_MVVMTests.m; sourceTree = "<group>"; };
		0454905A2598CD4300DE9F82 /* Info.plist */ = {isa = PBXFileReference; lastKnownFileType = text.plist.xml; path = Info.plist; sourceTree = "<group>"; };
		0454905F2598CD4300DE9F82 /* WCT-MVVMUITests.xctest */ = {isa = PBXFileReference; explicitFileType = wrapper.cfbundle; includeInIndex = 0; path = "WCT-MVVMUITests.xctest"; sourceTree = BUILT_PRODUCTS_DIR; };
		045490632598CD4300DE9F82 /* WCT_MVVMUITests.m */ = {isa = PBXFileReference; lastKnownFileType = sourcecode.c.objc; path = WCT_MVVMUITests.m; sourceTree = "<group>"; };
		045490652598CD4300DE9F82 /* Info.plist */ = {isa = PBXFileReference; lastKnownFileType = text.plist.xml; path = Info.plist; sourceTree = "<group>"; };
		04E300772598D26500802EBC /* WCTViewModel.h */ = {isa = PBXFileReference; fileEncoding = 4; lastKnownFileType = sourcecode.c.h; path = WCTViewModel.h; sourceTree = "<group>"; };
		04E300782598D26500802EBC /* WCTViewModel.m */ = {isa = PBXFileReference; fileEncoding = 4; lastKnownFileType = sourcecode.c.objc; path = WCTViewModel.m; sourceTree = "<group>"; };
		04E3007A2598D26500802EBC /* WCTView.h */ = {isa = PBXFileReference; fileEncoding = 4; lastKnownFileType = sourcecode.c.h; path = WCTView.h; sourceTree = "<group>"; };
		04E3007B2598D26500802EBC /* WCTView.m */ = {isa = PBXFileReference; fileEncoding = 4; lastKnownFileType = sourcecode.c.objc; path = WCTView.m; sourceTree = "<group>"; };
		04E300822598D27800802EBC /* WCTModel.h */ = {isa = PBXFileReference; fileEncoding = 4; lastKnownFileType = sourcecode.c.h; path = WCTModel.h; sourceTree = "<group>"; };
		04E300832598D27800802EBC /* WCTModel.m */ = {isa = PBXFileReference; fileEncoding = 4; lastKnownFileType = sourcecode.c.objc; path = WCTModel.m; sourceTree = "<group>"; };
/* End PBXFileReference section */

/* Begin PBXFrameworksBuildPhase section */
		045490362598CD4100DE9F82 /* Frameworks */ = {
			isa = PBXFrameworksBuildPhase;
			buildActionMask = 2147483647;
			files = (
			);
			runOnlyForDeploymentPostprocessing = 0;
		};
		045490512598CD4300DE9F82 /* Frameworks */ = {
			isa = PBXFrameworksBuildPhase;
			buildActionMask = 2147483647;
			files = (
			);
			runOnlyForDeploymentPostprocessing = 0;
		};
		0454905C2598CD4300DE9F82 /* Frameworks */ = {
			isa = PBXFrameworksBuildPhase;
			buildActionMask = 2147483647;
			files = (
			);
			runOnlyForDeploymentPostprocessing = 0;
		};
/* End PBXFrameworksBuildPhase section */

/* Begin PBXGroup section */
		045490302598CD4100DE9F82 = {
			isa = PBXGroup;
			children = (
				0454903B2598CD4100DE9F82 /* WCT-MVVM */,
				045490572598CD4300DE9F82 /* WCT-MVVMTests */,
				045490622598CD4300DE9F82 /* WCT-MVVMUITests */,
				0454903A2598CD4100DE9F82 /* Products */,
			);
			sourceTree = "<group>";
		};
		0454903A2598CD4100DE9F82 /* Products */ = {
			isa = PBXGroup;
			children = (
				045490392598CD4100DE9F82 /* WCT-MVVM.app */,
				045490542598CD4300DE9F82 /* WCT-MVVMTests.xctest */,
				0454905F2598CD4300DE9F82 /* WCT-MVVMUITests.xctest */,
			);
			name = Products;
			sourceTree = "<group>";
		};
		0454903B2598CD4100DE9F82 /* WCT-MVVM */ = {
			isa = PBXGroup;
			children = (
				0454903C2598CD4100DE9F82 /* AppDelegate.h */,
				0454903D2598CD4100DE9F82 /* AppDelegate.m */,
				0454903F2598CD4100DE9F82 /* SceneDelegate.h */,
				045490402598CD4100DE9F82 /* SceneDelegate.m */,
				04E300812598D27800802EBC /* Model */,
				04E300792598D26500802EBC /* View */,
				04E300762598D26500802EBC /* ViewModel */,
				045490422598CD4100DE9F82 /* ViewController.h */,
				045490432598CD4100DE9F82 /* ViewController.m */,
				045490452598CD4100DE9F82 /* Main.storyboard */,
				045490482598CD4200DE9F82 /* Assets.xcassets */,
				0454904A2598CD4200DE9F82 /* LaunchScreen.storyboard */,
				0454904D2598CD4200DE9F82 /* Info.plist */,
				0454904E2598CD4200DE9F82 /* main.m */,
			);
			path = "WCT-MVVM";
			sourceTree = "<group>";
		};
		045490572598CD4300DE9F82 /* WCT-MVVMTests */ = {
			isa = PBXGroup;
			children = (
				045490582598CD4300DE9F82 /* WCT_MVVMTests.m */,
				0454905A2598CD4300DE9F82 /* Info.plist */,
			);
			path = "WCT-MVVMTests";
			sourceTree = "<group>";
		};
		045490622598CD4300DE9F82 /* WCT-MVVMUITests */ = {
			isa = PBXGroup;
			children = (
				045490632598CD4300DE9F82 /* WCT_MVVMUITests.m */,
				045490652598CD4300DE9F82 /* Info.plist */,
			);
			path = "WCT-MVVMUITests";
			sourceTree = "<group>";
		};
		04E300762598D26500802EBC /* ViewModel */ = {
			isa = PBXGroup;
			children = (
				04E300772598D26500802EBC /* WCTViewModel.h */,
				04E300782598D26500802EBC /* WCTViewModel.m */,
			);
			path = ViewModel;
			sourceTree = "<group>";
		};
		04E300792598D26500802EBC /* View */ = {
			isa = PBXGroup;
			children = (
				04E3007A2598D26500802EBC /* WCTView.h */,
				04E3007B2598D26500802EBC /* WCTView.m */,
			);
			path = View;
			sourceTree = "<group>";
		};
		04E300812598D27800802EBC /* Model */ = {
			isa = PBXGroup;
			children = (
				04E300822598D27800802EBC /* WCTModel.h */,
				04E300832598D27800802EBC /* WCTModel.m */,
			);
			path = Model;
			sourceTree = "<group>";
		};
/* End PBXGroup section */

/* Begin PBXNativeTarget section */
		045490382598CD4100DE9F82 /* WCT-MVVM */ = {
			isa = PBXNativeTarget;
			buildConfigurationList = 045490682598CD4300DE9F82 /* Build configuration list for PBXNativeTarget "WCT-MVVM" */;
			buildPhases = (
				045490352598CD4100DE9F82 /* Sources */,
				045490362598CD4100DE9F82 /* Frameworks */,
				045490372598CD4100DE9F82 /* Resources */,
			);
			buildRules = (
			);
			dependencies = (
			);
			name = "WCT-MVVM";
			productName = "WCT-MVVM";
			productReference = 045490392598CD4100DE9F82 /* WCT-MVVM.app */;
			productType = "com.apple.product-type.application";
		};
		045490532598CD4300DE9F82 /* WCT-MVVMTests */ = {
			isa = PBXNativeTarget;
			buildConfigurationList = 0454906B2598CD4300DE9F82 /* Build configuration list for PBXNativeTarget "WCT-MVVMTests" */;
			buildPhases = (
				045490502598CD4300DE9F82 /* Sources */,
				045490512598CD4300DE9F82 /* Frameworks */,
				045490522598CD4300DE9F82 /* Resources */,
			);
			buildRules = (
			);
			dependencies = (
				045490562598CD4300DE9F82 /* PBXTargetDependency */,
			);
			name = "WCT-MVVMTests";
			productName = "WCT-MVVMTests";
			productReference = 045490542598CD4300DE9F82 /* WCT-MVVMTests.xctest */;
			productType = "com.apple.product-type.bundle.unit-test";
		};
		0454905E2598CD4300DE9F82 /* WCT-MVVMUITests */ = {
			isa = PBXNativeTarget;
			buildConfigurationList = 0454906E2598CD4300DE9F82 /* Build configuration list for PBXNativeTarget "WCT-MVVMUITests" */;
			buildPhases = (
				0454905B2598CD4300DE9F82 /* Sources */,
				0454905C2598CD4300DE9F82 /* Frameworks */,
				0454905D2598CD4300DE9F82 /* Resources */,
			);
			buildRules = (
			);
			dependencies = (
				045490612598CD4300DE9F82 /* PBXTargetDependency */,
			);
			name = "WCT-MVVMUITests";
			productName = "WCT-MVVMUITests";
			productReference = 0454905F2598CD4300DE9F82 /* WCT-MVVMUITests.xctest */;
			productType = "com.apple.product-type.bundle.ui-testing";
		};
/* End PBXNativeTarget section */

/* Begin PBXProject section */
		045490312598CD4100DE9F82 /* Project object */ = {
			isa = PBXProject;
			attributes = {
				LastUpgradeCheck = 1200;
				TargetAttributes = {
					045490382598CD4100DE9F82 = {
						CreatedOnToolsVersion = 12.0.1;
					};
					045490532598CD4300DE9F82 = {
						CreatedOnToolsVersion = 12.0.1;
						TestTargetID = 045490382598CD4100DE9F82;
					};
					0454905E2598CD4300DE9F82 = {
						CreatedOnToolsVersion = 12.0.1;
						TestTargetID = 045490382598CD4100DE9F82;
					};
				};
			};
			buildConfigurationList = 045490342598CD4100DE9F82 /* Build configuration list for PBXProject "WCT-MVVM" */;
			compatibilityVersion = "Xcode 9.3";
			developmentRegion = en;
			hasScannedForEncodings = 0;
			knownRegions = (
				en,
				Base,
			);
			mainGroup = 045490302598CD4100DE9F82;
			productRefGroup = 0454903A2598CD4100DE9F82 /* Products */;
			projectDirPath = "";
			projectRoot = "";
			targets = (
				045490382598CD4100DE9F82 /* WCT-MVVM */,
				045490532598CD4300DE9F82 /* WCT-MVVMTests */,
				0454905E2598CD4300DE9F82 /* WCT-MVVMUITests */,
			);
		};
/* End PBXProject section */

/* Begin PBXResourcesBuildPhase section */
		045490372598CD4100DE9F82 /* Resources */ = {
			isa = PBXResourcesBuildPhase;
			buildActionMask = 2147483647;
			files = (
				0454904C2598CD4200DE9F82 /* LaunchScreen.storyboard in Resources */,
				045490492598CD4200DE9F82 /* Assets.xcassets in Resources */,
				045490472598CD4100DE9F82 /* Main.storyboard in Resources */,
			);
			runOnlyForDeploymentPostprocessing = 0;
		};
		045490522598CD4300DE9F82 /* Resources */ = {
			isa = PBXResourcesBuildPhase;
			buildActionMask = 2147483647;
			files = (
			);
			runOnlyForDeploymentPostprocessing = 0;
		};
		0454905D2598CD4300DE9F82 /* Resources */ = {
			isa = PBXResourcesBuildPhase;
			buildActionMask = 2147483647;
			files = (
			);
			runOnlyForDeploymentPostprocessing = 0;
		};
/* End PBXResourcesBuildPhase section */

/* Begin PBXSourcesBuildPhase section */
		045490352598CD4100DE9F82 /* Sources */ = {
			isa = PBXSourcesBuildPhase;
			buildActionMask = 2147483647;
			files = (
				045490442598CD4100DE9F82 /* ViewController.m in Sources */,
				04E3007C2598D26500802EBC /* WCTViewModel.m in Sources */,
				0454903E2598CD4100DE9F82 /* AppDelegate.m in Sources */,
				0454904F2598CD4200DE9F82 /* main.m in Sources */,
				04E300842598D27800802EBC /* WCTModel.m in Sources */,
				045490412598CD4100DE9F82 /* SceneDelegate.m in Sources */,
				04E3007D2598D26500802EBC /* WCTView.m in Sources */,
			);
			runOnlyForDeploymentPostprocessing = 0;
		};
		045490502598CD4300DE9F82 /* Sources */ = {
			isa = PBXSourcesBuildPhase;
			buildActionMask = 2147483647;
			files = (
				045490592598CD4300DE9F82 /* WCT_MVVMTests.m in Sources */,
			);
			runOnlyForDeploymentPostprocessing = 0;
		};
		0454905B2598CD4300DE9F82 /* Sources */ = {
			isa = PBXSourcesBuildPhase;
			buildActionMask = 2147483647;
			files = (
				045490642598CD4300DE9F82 /* WCT_MVVMUITests.m in Sources */,
			);
			runOnlyForDeploymentPostprocessing = 0;
		};
/* End PBXSourcesBuildPhase section */

/* Begin PBXTargetDependency section */
		045490562598CD4300DE9F82 /* PBXTargetDependency */ = {
			isa = PBXTargetDependency;
			target = 045490382598CD4100DE9F82 /* WCT-MVVM */;
			targetProxy = 045490552598CD4300DE9F82 /* PBXContainerItemProxy */;
		};
		045490612598CD4300DE9F82 /* PBXTargetDependency */ = {
			isa = PBXTargetDependency;
			target = 045490382598CD4100DE9F82 /* WCT-MVVM */;
			targetProxy = 045490602598CD4300DE9F82 /* PBXContainerItemProxy */;
		};
/* End PBXTargetDependency section */

/* Begin PBXVariantGroup section */
		045490452598CD4100DE9F82 /* Main.storyboard */ = {
			isa = PBXVariantGroup;
			children = (
				045490462598CD4100DE9F82 /* Base */,
			);
			name = Main.storyboard;
			sourceTree = "<group>";
		};
		0454904A2598CD4200DE9F82 /* LaunchScreen.storyboard */ = {
			isa = PBXVariantGroup;
			children = (
				0454904B2598CD4200DE9F82 /* Base */,
			);
			name = LaunchScreen.storyboard;
			sourceTree = "<group>";
		};
/* End PBXVariantGroup section */

/* Begin XCBuildConfiguration section */
		045490662598CD4300DE9F82 /* Debug */ = {
			isa = XCBuildConfiguration;
			buildSettings = {
				ALWAYS_SEARCH_USER_PATHS = NO;
				CLANG_ANALYZER_NONNULL = YES;
				CLANG_ANALYZER_NUMBER_OBJECT_CONVERSION = YES_AGGRESSIVE;
				CLANG_CXX_LANGUAGE_STANDARD = "gnu++14";
				CLANG_CXX_LIBRARY = "libc++";
				CLANG_ENABLE_MODULES = YES;
				CLANG_ENABLE_OBJC_ARC = YES;
				CLANG_ENABLE_OBJC_WEAK = YES;
				CLANG_WARN_BLOCK_CAPTURE_AUTORELEASING = YES;
				CLANG_WARN_BOOL_CONVERSION = YES;
				CLANG_WARN_COMMA = YES;
				CLANG_WARN_CONSTANT_CONVERSION = YES;
				CLANG_WARN_DEPRECATED_OBJC_IMPLEMENTATIONS = YES;
				CLANG_WARN_DIRECT_OBJC_ISA_USAGE = YES_ERROR;
				CLANG_WARN_DOCUMENTATION_COMMENTS = YES;
				CLANG_WARN_EMPTY_BODY = YES;
				CLANG_WARN_ENUM_CONVERSION = YES;
				CLANG_WARN_INFINITE_RECURSION = YES;
				CLANG_WARN_INT_CONVERSION = YES;
				CLANG_WARN_NON_LITERAL_NULL_CONVERSION = YES;
				CLANG_WARN_OBJC_IMPLICIT_RETAIN_SELF = YES;
				CLANG_WARN_OBJC_LITERAL_CONVERSION = YES;
				CLANG_WARN_OBJC_ROOT_CLASS = YES_ERROR;
				CLANG_WARN_QUOTED_INCLUDE_IN_FRAMEWORK_HEADER = YES;
				CLANG_WARN_RANGE_LOOP_ANALYSIS = YES;
				CLANG_WARN_STRICT_PROTOTYPES = YES;
				CLANG_WARN_SUSPICIOUS_MOVE = YES;
				CLANG_WARN_UNGUARDED_AVAILABILITY = YES_AGGRESSIVE;
				CLANG_WARN_UNREACHABLE_CODE = YES;
				CLANG_WARN__DUPLICATE_METHOD_MATCH = YES;
				COPY_PHASE_STRIP = NO;
				DEBUG_INFORMATION_FORMAT = dwarf;
				ENABLE_STRICT_OBJC_MSGSEND = YES;
				ENABLE_TESTABILITY = YES;
				GCC_C_LANGUAGE_STANDARD = gnu11;
				GCC_DYNAMIC_NO_PIC = NO;
				GCC_NO_COMMON_BLOCKS = YES;
				GCC_OPTIMIZATION_LEVEL = 0;
				GCC_PREPROCESSOR_DEFINITIONS = (
					"DEBUG=1",
					"$(inherited)",
				);
				GCC_WARN_64_TO_32_BIT_CONVERSION = YES;
				GCC_WARN_ABOUT_RETURN_TYPE = YES_ERROR;
				GCC_WARN_UNDECLARED_SELECTOR = YES;
				GCC_WARN_UNINITIALIZED_AUTOS = YES_AGGRESSIVE;
				GCC_WARN_UNUSED_FUNCTION = YES;
				GCC_WARN_UNUSED_VARIABLE = YES;
				IPHONEOS_DEPLOYMENT_TARGET = 14.0;
				MTL_ENABLE_DEBUG_INFO = INCLUDE_SOURCE;
				MTL_FAST_MATH = YES;
				ONLY_ACTIVE_ARCH = YES;
				SDKROOT = iphoneos;
			};
			name = Debug;
		};
		045490672598CD4300DE9F82 /* Release */ = {
			isa = XCBuildConfiguration;
			buildSettings = {
				ALWAYS_SEARCH_USER_PATHS = NO;
				CLANG_ANALYZER_NONNULL = YES;
				CLANG_ANALYZER_NUMBER_OBJECT_CONVERSION = YES_AGGRESSIVE;
				CLANG_CXX_LANGUAGE_STANDARD = "gnu++14";
				CLANG_CXX_LIBRARY = "libc++";
				CLANG_ENABLE_MODULES = YES;
				CLANG_ENABLE_OBJC_ARC = YES;
				CLANG_ENABLE_OBJC_WEAK = YES;
				CLANG_WARN_BLOCK_CAPTURE_AUTORELEASING = YES;
				CLANG_WARN_BOOL_CONVERSION = YES;
				CLANG_WARN_COMMA = YES;
				CLANG_WARN_CONSTANT_CONVERSION = YES;
				CLANG_WARN_DEPRECATED_OBJC_IMPLEMENTATIONS = YES;
				CLANG_WARN_DIRECT_OBJC_ISA_USAGE = YES_ERROR;
				CLANG_WARN_DOCUMENTATION_COMMENTS = YES;
				CLANG_WARN_EMPTY_BODY = YES;
				CLANG_WARN_ENUM_CONVERSION = YES;
				CLANG_WARN_INFINITE_RECURSION = YES;
				CLANG_WARN_INT_CONVERSION = YES;
				CLANG_WARN_NON_LITERAL_NULL_CONVERSION = YES;
				CLANG_WARN_OBJC_IMPLICIT_RETAIN_SELF = YES;
				CLANG_WARN_OBJC_LITERAL_CONVERSION = YES;
				CLANG_WARN_OBJC_ROOT_CLASS = YES_ERROR;
				CLANG_WARN_QUOTED_INCLUDE_IN_FRAMEWORK_HEADER = YES;
				CLANG_WARN_RANGE_LOOP_ANALYSIS = YES;
				CLANG_WARN_STRICT_PROTOTYPES = YES;
				CLANG_WARN_SUSPICIOUS_MOVE = YES;
				CLANG_WARN_UNGUARDED_AVAILABILITY = YES_AGGRESSIVE;
				CLANG_WARN_UNREACHABLE_CODE = YES;
				CLANG_WARN__DUPLICATE_METHOD_MATCH = YES;
				COPY_PHASE_STRIP = NO;
				DEBUG_INFORMATION_FORMAT = "dwarf-with-dsym";
				ENABLE_NS_ASSERTIONS = NO;
				ENABLE_STRICT_OBJC_MSGSEND = YES;
				GCC_C_LANGUAGE_STANDARD = gnu11;
				GCC_NO_COMMON_BLOCKS = YES;
				GCC_WARN_64_TO_32_BIT_CONVERSION = YES;
				GCC_WARN_ABOUT_RETURN_TYPE = YES_ERROR;
				GCC_WARN_UNDECLARED_SELECTOR = YES;
				GCC_WARN_UNINITIALIZED_AUTOS = YES_AGGRESSIVE;
				GCC_WARN_UNUSED_FUNCTION = YES;
				GCC_WARN_UNUSED_VARIABLE = YES;
				IPHONEOS_DEPLOYMENT_TARGET = 14.0;
				MTL_ENABLE_DEBUG_INFO = NO;
				MTL_FAST_MATH = YES;
				SDKROOT = iphoneos;
				VALIDATE_PRODUCT = YES;
			};
			name = Release;
		};
		045490692598CD4300DE9F82 /* Debug */ = {
			isa = XCBuildConfiguration;
			buildSettings = {
				ASSETCATALOG_COMPILER_APPICON_NAME = AppIcon;
				ASSETCATALOG_COMPILER_GLOBAL_ACCENT_COLOR_NAME = AccentColor;
				CODE_SIGN_STYLE = Automatic;
				DEVELOPMENT_TEAM = VVTLVSMJ6Q;
				INFOPLIST_FILE = "WCT-MVVM/Info.plist";
				LD_RUNPATH_SEARCH_PATHS = (
					"$(inherited)",
					"@executable_path/Frameworks",
				);
				PRODUCT_BUNDLE_IDENTIFIER = "wctloveios-163.com.WCT-MVVM";
				PRODUCT_NAME = "$(TARGET_NAME)";
				TARGETED_DEVICE_FAMILY = "1,2";
			};
			name = Debug;
		};
		0454906A2598CD4300DE9F82 /* Release */ = {
			isa = XCBuildConfiguration;
			buildSettings = {
				ASSETCATALOG_COMPILER_APPICON_NAME = AppIcon;
				ASSETCATALOG_COMPILER_GLOBAL_ACCENT_COLOR_NAME = AccentColor;
				CODE_SIGN_STYLE = Automatic;
				DEVELOPMENT_TEAM = VVTLVSMJ6Q;
				INFOPLIST_FILE = "WCT-MVVM/Info.plist";
				LD_RUNPATH_SEARCH_PATHS = (
					"$(inherited)",
					"@executable_path/Frameworks",
				);
				PRODUCT_BUNDLE_IDENTIFIER = "wctloveios-163.com.WCT-MVVM";
				PRODUCT_NAME = "$(TARGET_NAME)";
				TARGETED_DEVICE_FAMILY = "1,2";
			};
			name = Release;
		};
		0454906C2598CD4300DE9F82 /* Debug */ = {
			isa = XCBuildConfiguration;
			buildSettings = {
				BUNDLE_LOADER = "$(TEST_HOST)";
				CODE_SIGN_STYLE = Automatic;
				DEVELOPMENT_TEAM = VVTLVSMJ6Q;
				INFOPLIST_FILE = "WCT-MVVMTests/Info.plist";
				IPHONEOS_DEPLOYMENT_TARGET = 14.0;
				LD_RUNPATH_SEARCH_PATHS = (
					"$(inherited)",
					"@executable_path/Frameworks",
					"@loader_path/Frameworks",
				);
				PRODUCT_BUNDLE_IDENTIFIER = "wctloveios-163.com.WCT-MVVMTests";
				PRODUCT_NAME = "$(TARGET_NAME)";
				TARGETED_DEVICE_FAMILY = "1,2";
				TEST_HOST = "$(BUILT_PRODUCTS_DIR)/WCT-MVVM.app/WCT-MVVM";
			};
			name = Debug;
		};
		0454906D2598CD4300DE9F82 /* Release */ = {
			isa = XCBuildConfiguration;
			buildSettings = {
				BUNDLE_LOADER = "$(TEST_HOST)";
				CODE_SIGN_STYLE = Automatic;
				DEVELOPMENT_TEAM = VVTLVSMJ6Q;
				INFOPLIST_FILE = "WCT-MVVMTests/Info.plist";
				IPHONEOS_DEPLOYMENT_TARGET = 14.0;
				LD_RUNPATH_SEARCH_PATHS = (
					"$(inherited)",
					"@executable_path/Frameworks",
					"@loader_path/Frameworks",
				);
				PRODUCT_BUNDLE_IDENTIFIER = "wctloveios-163.com.WCT-MVVMTests";
				PRODUCT_NAME = "$(TARGET_NAME)";
				TARGETED_DEVICE_FAMILY = "1,2";
				TEST_HOST = "$(BUILT_PRODUCTS_DIR)/WCT-MVVM.app/WCT-MVVM";
			};
			name = Release;
		};
		0454906F2598CD4300DE9F82 /* Debug */ = {
			isa = XCBuildConfiguration;
			buildSettings = {
				CODE_SIGN_STYLE = Automatic;
				DEVELOPMENT_TEAM = VVTLVSMJ6Q;
				INFOPLIST_FILE = "WCT-MVVMUITests/Info.plist";
				LD_RUNPATH_SEARCH_PATHS = (
					"$(inherited)",
					"@executable_path/Frameworks",
					"@loader_path/Frameworks",
				);
				PRODUCT_BUNDLE_IDENTIFIER = "wctloveios-163.com.WCT-MVVMUITests";
				PRODUCT_NAME = "$(TARGET_NAME)";
				TARGETED_DEVICE_FAMILY = "1,2";
				TEST_TARGET_NAME = "WCT-MVVM";
			};
			name = Debug;
		};
		045490702598CD4300DE9F82 /* Release */ = {
			isa = XCBuildConfiguration;
			buildSettings = {
				CODE_SIGN_STYLE = Automatic;
				DEVELOPMENT_TEAM = VVTLVSMJ6Q;
				INFOPLIST_FILE = "WCT-MVVMUITests/Info.plist";
				LD_RUNPATH_SEARCH_PATHS = (
					"$(inherited)",
					"@executable_path/Frameworks",
					"@loader_path/Frameworks",
				);
				PRODUCT_BUNDLE_IDENTIFIER = "wctloveios-163.com.WCT-MVVMUITests";
				PRODUCT_NAME = "$(TARGET_NAME)";
				TARGETED_DEVICE_FAMILY = "1,2";
				TEST_TARGET_NAME = "WCT-MVVM";
			};
			name = Release;
		};
/* End XCBuildConfiguration section */

/* Begin XCConfigurationList section */
		045490342598CD4100DE9F82 /* Build configuration list for PBXProject "WCT-MVVM" */ = {
			isa = XCConfigurationList;
			buildConfigurations = (
				045490662598CD4300DE9F82 /* Debug */,
				045490672598CD4300DE9F82 /* Release */,
			);
			defaultConfigurationIsVisible = 0;
			defaultConfigurationName = Release;
		};
		045490682598CD4300DE9F82 /* Build configuration list for PBXNativeTarget "WCT-MVVM" */ = {
			isa = XCConfigurationList;
			buildConfigurations = (
				045490692598CD4300DE9F82 /* Debug */,
				0454906A2598CD4300DE9F82 /* Release */,
			);
			defaultConfigurationIsVisible = 0;
			defaultConfigurationName = Release;
		};
		0454906B2598CD4300DE9F82 /* Build configuration list for PBXNativeTarget "WCT-MVVMTests" */ = {
			isa = XCConfigurationList;
			buildConfigurations = (
				0454906C2598CD4300DE9F82 /* Debug */,
				0454906D2598CD4300DE9F82 /* Release */,
			);
			defaultConfigurationIsVisible = 0;
			defaultConfigurationName = Release;
		};
		0454906E2598CD4300DE9F82 /* Build configuration list for PBXNativeTarget "WCT-MVVMUITests" */ = {
			isa = XCConfigurationList;
			buildConfigurations = (
				0454906F2598CD4300DE9F82 /* Debug */,
				045490702598CD4300DE9F82 /* Release */,
			);
			defaultConfigurationIsVisible = 0;
			defaultConfigurationName = Release;
		};
/* End XCConfigurationList section */
	};
	rootObject = 045490312598CD4100DE9F82 /* Project object */;
}
